
Microsoft Visual Studio Solution File, Format Version 12.00
# Visual Studio Version 16
VisualStudioVersion = 16.0.29806.167
MinimumVisualStudioVersion = 10.0.40219.1
Project("{8BC9CEB8-8B4A-11D0-8D11-00A0C91BC942}") = "Sonic Heroes Extended Multiplayer Edition", "Sonic Heroes Extended Multiplayer Edition.vcxproj", "{262552EF-2F49-4D77-BB58-A24F70095642}"
EndProject
Global
	GlobalSection(SolutionConfigurationPlatforms) = preSolution
		Debug|x64 = Debug|x64
		Debug|x86 = Debug|x86
		Release|x64 = Release|x64
		Release|x86 = Release|x86
	EndGlobalSection
	GlobalSection(ProjectConfigurationPlatforms) = postSolution
		{262552EF-2F49-4D77-BB58-A24F70095642}.Debug|x64.ActiveCfg = Debug|x64
		{262552EF-2F49-4D77-BB58-A24F70095642}.Debug|x64.Build.0 = Debug|x64
		{262552EF-2F49-4D77-BB58-A24F70095642}.Debug|x86.ActiveCfg = Debug|Win32
		{262552EF-2F49-4D77-BB58-A24F70095642}.Debug|x86.Build.0 = Debug|Win32
		{262552EF-2F49-4D77-BB58-A24F70095642}.Release|x64.ActiveCfg = Release|x64
		{262552EF-2F49-4D77-BB58-A24F70095642}.Release|x64.Build.0 = Release|x64
		{262552EF-2F49-4D77-BB58-A24F70095642}.Release|x86.ActiveCfg = Release|Win32
		{262552EF-2F49-4D77-BB58-A24F70095642}.Release|x86.Build.0 = Release|Win32
	EndGlobalSection
	GlobalSection(SolutionProperties) = preSolution
		HideSolutionNode = FALSE
	EndGlobalSection
	GlobalSection(ExtensibilityGlobals) = postSolution
		SolutionGuid = {8A66F294-6EDC-43EA-9D08-64943DDA4806}
	EndGlobalSection
EndGlobal
